
Microsoft Visual Studio Solution File, Format Version 12.00
# Visual Studio Version 17
VisualStudioVersion = 17.1.32407.343
MinimumVisualStudioVersion = 10.0.40219.1
Project("{FAE04EC0-301F-11D3-BF4B-00C04F79EFBC}") = "DataStructuresAndAlgorithms", "DataStructuresAndAlgorithms.csproj", "{664EA533-13CB-4A6E-AD05-C8151469B18A}"
EndProject
Global
	GlobalSection(SolutionConfigurationPlatforms) = preSolution
		Debug|Any CPU = Debug|Any CPU
		Release|Any CPU = Release|Any CPU
	EndGlobalSection
	GlobalSection(ProjectConfigurationPlatforms) = postSolution
		{664EA533-13CB-4A6E-AD05-C8151469B18A}.Debug|Any CPU.ActiveCfg = Debug|Any CPU
		{664EA533-13CB-4A6E-AD05-C8151469B18A}.Debug|Any CPU.Build.0 = Debug|Any CPU
		{664EA533-13CB-4A6E-AD05-C8151469B18A}.Release|Any CPU.ActiveCfg = Release|Any CPU
		{664EA533-13CB-4A6E-AD05-C8151469B18A}.Release|Any CPU.Build.0 = Release|Any CPU
	EndGlobalSection
	GlobalSection(SolutionProperties) = preSolution
		HideSolutionNode = FALSE
	EndGlobalSection
	GlobalSection(ExtensibilityGlobals) = postSolution
		SolutionGuid = {22903D31-0C51-4155-922A-24C5665996F6}
	EndGlobalSection
EndGlobal
